// !$*UTF8*$!
{
	archiveVersion = 1;
	classes = {
	};
	objectVersion = 46;
	objects = {

/* Begin PBXBuildFile section */
		F265D0AE1F792A3A00255CCF /* AppDelegate.swift in Sources */ = {isa = PBXBuildFile; fileRef = F265D0AD1F792A3A00255CCF /* AppDelegate.swift */; };
		F265D0B01F792A3A00255CCF /* ViewController.swift in Sources */ = {isa = PBXBuildFile; fileRef = F265D0AF1F792A3A00255CCF /* ViewController.swift */; };
		F265D0B31F792A3A00255CCF /* Main.storyboard in Resources */ = {isa = PBXBuildFile; fileRef = F265D0B11F792A3A00255CCF /* Main.storyboard */; };
		F265D0B51F792A3A00255CCF /* Assets.xcassets in Resources */ = {isa = PBXBuildFile; fileRef = F265D0B41F792A3A00255CCF /* Assets.xcassets */; };
		F265D0B81F792A3A00255CCF /* LaunchScreen.storyboard in Resources */ = {isa = PBXBuildFile; fileRef = F265D0B61F792A3A00255CCF /* LaunchScreen.storyboard */; };
/* End PBXBuildFile section */

/* Begin PBXFileReference section */
		F265D0AA1F792A3A00255CCF /* Country.app */ = {isa = PBXFileReference; explicitFileType = wrapper.application; includeInIndex = 0; path = Country.app; sourceTree = BUILT_PRODUCTS_DIR; };
		F265D0AD1F792A3A00255CCF /* AppDelegate.swift */ = {isa = PBXFileReference; lastKnownFileType = sourcecode.swift; path = AppDelegate.swift; sourceTree = "<group>"; };
		F265D0AF1F792A3A00255CCF /* ViewController.swift */ = {isa = PBXFileReference; lastKnownFileType = sourcecode.swift; path = ViewController.swift; sourceTree = "<group>"; };
		F265D0B21F792A3A00255CCF /* Base */ = {isa = PBXFileReference; lastKnownFileType = file.storyboard; name = Base; path = Base.lproj/Main.storyboard; sourceTree = "<group>"; };
		F265D0B41F792A3A00255CCF /* Assets.xcassets */ = {isa = PBXFileReference; lastKnownFileType = folder.assetcatalog; path = Assets.xcassets; sourceTree = "<group>"; };
		F265D0B71F792A3A00255CCF /* Base */ = {isa = PBXFileReference; lastKnownFileType = file.storyboard; name = Base; path = Base.lproj/LaunchScreen.storyboard; sourceTree = "<group>"; };
		F265D0B91F792A3A00255CCF /* Info.plist */ = {isa = PBXFileReference; lastKnownFileType = text.plist.xml; path = Info.plist; sourceTree = "<group>"; };
/* End PBXFileReference section */

/* Begin PBXFrameworksBuildPhase section */
		F265D0A71F792A3A00255CCF /* Frameworks */ = {
			isa = PBXFrameworksBuildPhase;
			buildActionMask = 2147483647;
			files = (
			);
			runOnlyForDeploymentPostprocessing = 0;
		};
/* End PBXFrameworksBuildPhase section */

/* Begin PBXGroup section */
		F265D0A11F792A3A00255CCF = {
			isa = PBXGroup;
			children = (
				F265D0AC1F792A3A00255CCF /* Country */,
				F265D0AB1F792A3A00255CCF /* Products */,
			);
			sourceTree = "<group>";
		};
		F265D0AB1F792A3A00255CCF /* Products */ = {
			isa = PBXGroup;
			children = (
				F265D0AA1F792A3A00255CCF /* Country.app */,
			);
			name = Products;
			sourceTree = "<group>";
		};
		F265D0AC1F792A3A00255CCF /* Country */ = {
			isa = PBXGroup;
			children = (
				F265D0AD1F792A3A00255CCF /* AppDelegate.swift */,
				F265D0AF1F792A3A00255CCF /* ViewController.swift */,
				F265D0B11F792A3A00255CCF /* Main.storyboard */,
				F265D0B41F792A3A00255CCF /* Assets.xcassets */,
				F265D0B61F792A3A00255CCF /* LaunchScreen.storyboard */,
				F265D0B91F792A3A00255CCF /* Info.plist */,
			);
			path = Country;
			sourceTree = "<group>";
		};
/* End PBXGroup section */

/* Begin PBXNativeTarget section */
		F265D0A91F792A3A00255CCF /* Country */ = {
			isa = PBXNativeTarget;
			buildConfigurationList = F265D0BC1F792A3A00255CCF /* Build configuration list for PBXNativeTarget "Country" */;
			buildPhases = (
				F265D0A61F792A3A00255CCF /* Sources */,
				F265D0A71F792A3A00255CCF /* Frameworks */,
				F265D0A81F792A3A00255CCF /* Resources */,
			);
			buildRules = (
			);
			dependencies = (
			);
			name = Country;
			productName = Country;
			productReference = F265D0AA1F792A3A00255CCF /* Country.app */;
			productType = "com.apple.product-type.application";
		};
/* End PBXNativeTarget section */

/* Begin PBXProject section */
		F265D0A21F792A3A00255CCF /* Project object */ = {
			isa = PBXProject;
			attributes = {
				LastSwiftUpdateCheck = 0830;
				LastUpgradeCheck = 0830;
				ORGANIZATIONNAME = quy;
				TargetAttributes = {
					F265D0A91F792A3A00255CCF = {
						CreatedOnToolsVersion = 8.3.3;
						DevelopmentTeam = W55P3GMF82;
						ProvisioningStyle = Automatic;
					};
				};
			};
			buildConfigurationList = F265D0A51F792A3A00255CCF /* Build configuration list for PBXProject "Country" */;
			compatibilityVersion = "Xcode 3.2";
			developmentRegion = English;
			hasScannedForEncodings = 0;
			knownRegions = (
				en,
				Base,
			);
			mainGroup = F265D0A11F792A3A00255CCF;
			productRefGroup = F265D0AB1F792A3A00255CCF /* Products */;
			projectDirPath = "";
			projectRoot = "";
			targets = (
				F265D0A91F792A3A00255CCF /* Country */,
			);
		};
/* End PBXProject section */

/* Begin PBXResourcesBuildPhase section */
		F265D0A81F792A3A00255CCF /* Resources */ = {
			isa = PBXResourcesBuildPhase;
			buildActionMask = 2147483647;
			files = (
				F265D0B81F792A3A00255CCF /* LaunchScreen.storyboard in Resources */,
				F265D0B51F792A3A00255CCF /* Assets.xcassets in Resources */,
				F265D0B31F792A3A00255CCF /* Main.storyboard in Resources */,
			);
			runOnlyForDeploymentPostprocessing = 0;
		};
/* End PBXResourcesBuildPhase section */

/* Begin PBXSourcesBuildPhase section */
		F265D0A61F792A3A00255CCF /* Sources */ = {
			isa = PBXSourcesBuildPhase;
			buildActionMask = 2147483647;
			files = (
				F265D0B01F792A3A00255CCF /* ViewController.swift in Sources */,
				F265D0AE1F792A3A00255CCF /* AppDelegate.swift in Sources */,
			);
			runOnlyForDeploymentPostprocessing = 0;
		};
/* End PBXSourcesBuildPhase section */

/* Begin PBXVariantGroup section */
		F265D0B11F792A3A00255CCF /* Main.storyboard */ = {
			isa = PBXVariantGroup;
			children = (
				F265D0B21F792A3A00255CCF /* Base */,
			);
			name = Main.storyboard;
			sourceTree = "<group>";
		};
		F265D0B61F792A3A00255CCF /* LaunchScreen.storyboard */ = {
			isa = PBXVariantGroup;
			children = (
				F265D0B71F792A3A00255CCF /* Base */,
			);
			name = LaunchScreen.storyboard;
			sourceTree = "<group>";
		};
/* End PBXVariantGroup section */

/* Begin XCBuildConfiguration section */
		F265D0BA1F792A3A00255CCF /* Debug */ = {
			isa = XCBuildConfiguration;
			buildSettings = {
				ALWAYS_SEARCH_USER_PATHS = NO;
				CLANG_ANALYZER_NONNULL = YES;
				CLANG_ANALYZER_NUMBER_OBJECT_CONVERSION = YES_AGGRESSIVE;
				CLANG_CXX_LANGUAGE_STANDARD = "gnu++0x";
				CLANG_CXX_LIBRARY = "libc++";
				CLANG_ENABLE_MODULES = YES;
				CLANG_ENABLE_OBJC_ARC = YES;
				CLANG_WARN_BOOL_CONVERSION = YES;
				CLANG_WARN_CONSTANT_CONVERSION = YES;
				CLANG_WARN_DIRECT_OBJC_ISA_USAGE = YES_ERROR;
				CLANG_WARN_DOCUMENTATION_COMMENTS = YES;
				CLANG_WARN_EMPTY_BODY = YES;
				CLANG_WARN_ENUM_CONVERSION = YES;
				CLANG_WARN_INFINITE_RECURSION = YES;
				CLANG_WARN_INT_CONVERSION = YES;
				CLANG_WARN_OBJC_ROOT_CLASS = YES_ERROR;
				CLANG_WARN_SUSPICIOUS_MOVE = YES;
				CLANG_WARN_UNREACHABLE_CODE = YES;
				CLANG_WARN__DUPLICATE_METHOD_MATCH = YES;
				"CODE_SIGN_IDENTITY[sdk=iphoneos*]" = "iPhone Developer";
				COPY_PHASE_STRIP = NO;
				DEBUG_INFORMATION_FORMAT = dwarf;
				ENABLE_STRICT_OBJC_MSGSEND = YES;
				ENABLE_TESTABILITY = YES;
				GCC_C_LANGUAGE_STANDARD = gnu99;
				GCC_DYNAMIC_NO_PIC = NO;
				GCC_NO_COMMON_BLOCKS = YES;
				GCC_OPTIMIZATION_LEVEL = 0;
				GCC_PREPROCESSOR_DEFINITIONS = (
					"DEBUG=1",
					"$(inherited)",
				);
				GCC_WARN_64_TO_32_BIT_CONVERSION = YES;
				GCC_WARN_ABOUT_RETURN_TYPE = YES_ERROR;
				GCC_WARN_UNDECLARED_SELECTOR = YES;
				GCC_WARN_UNINITIALIZED_AUTOS = YES_AGGRESSIVE;
				GCC_WARN_UNUSED_FUNCTION = YES;
				GCC_WARN_UNUSED_VARIABLE = YES;
				IPHONEOS_DEPLOYMENT_TARGET = 10.3;
				MTL_ENABLE_DEBUG_INFO = YES;
				ONLY_ACTIVE_ARCH = YES;
				SDKROOT = iphoneos;
				SWIFT_ACTIVE_COMPILATION_CONDITIONS = DEBUG;
				SWIFT_OPTIMIZATION_LEVEL = "-Onone";
			};
			name = Debug;
		};
		F265D0BB1F792A3A00255CCF /* Release */ = {
			isa = XCBuildConfiguration;
			buildSettings = {
				ALWAYS_SEARCH_USER_PATHS = NO;
				CLANG_ANALYZER_NONNULL = YES;
				CLANG_ANALYZER_NUMBER_OBJECT_CONVERSION = YES_AGGRESSIVE;
				CLANG_CXX_LANGUAGE_STANDARD = "gnu++0x";
				CLANG_CXX_LIBRARY = "libc++";
				CLANG_ENABLE_MODULES = YES;
				CLANG_ENABLE_OBJC_ARC = YES;
				CLANG_WARN_BOOL_CONVERSION = YES;
				CLANG_WARN_CONSTANT_CONVERSION = YES;
				CLANG_WARN_DIRECT_OBJC_ISA_USAGE = YES_ERROR;
				CLANG_WARN_DOCUMENTATION_COMMENTS = YES;
				CLANG_WARN_EMPTY_BODY = YES;
				CLANG_WARN_ENUM_CONVERSION = YES;
				CLANG_WARN_INFINITE_RECURSION = YES;
				CLANG_WARN_INT_CONVERSION = YES;
				CLANG_WARN_OBJC_ROOT_CLASS = YES_ERROR;
				CLANG_WARN_SUSPICIOUS_MOVE = YES;
				CLANG_WARN_UNREACHABLE_CODE = YES;
				CLANG_WARN__DUPLICATE_METHOD_MATCH = YES;
				"CODE_SIGN_IDENTITY[sdk=iphoneos*]" = "iPhone Developer";
				COPY_PHASE_STRIP = NO;
				DEBUG_INFORMATION_FORMAT = "dwarf-with-dsym";
				ENABLE_NS_ASSERTIONS = NO;
				ENABLE_STRICT_OBJC_MSGSEND = YES;
				GCC_C_LANGUAGE_STANDARD = gnu99;
				GCC_NO_COMMON_BLOCKS = YES;
				GCC_WARN_64_TO_32_BIT_CONVERSION = YES;
				GCC_WARN_ABOUT_RETURN_TYPE = YES_ERROR;
				GCC_WARN_UNDECLARED_SELECTOR = YES;
				GCC_WARN_UNINITIALIZED_AUTOS = YES_AGGRESSIVE;
				GCC_WARN_UNUSED_FUNCTION = YES;
				GCC_WARN_UNUSED_VARIABLE = YES;
				IPHONEOS_DEPLOYMENT_TARGET = 10.3;
				MTL_ENABLE_DEBUG_INFO = NO;
				SDKROOT = iphoneos;
				SWIFT_OPTIMIZATION_LEVEL = "-Owholemodule";
				VALIDATE_PRODUCT = YES;
			};
			name = Release;
		};
		F265D0BD1F792A3A00255CCF /* Debug */ = {
			isa = XCBuildConfiguration;
			buildSettings = {
				ASSETCATALOG_COMPILER_APPICON_NAME = AppIcon;
				DEVELOPMENT_TEAM = W55P3GMF82;
				INFOPLIST_FILE = Country/Info.plist;
				LD_RUNPATH_SEARCH_PATHS = "$(inherited) @executable_path/Frameworks";
				PRODUCT_BUNDLE_IDENTIFIER = quy.home.Country;
				PRODUCT_NAME = "$(TARGET_NAME)";
				SWIFT_VERSION = 3.0;
			};
			name = Debug;
		};
		F265D0BE1F792A3A00255CCF /* Release */ = {
			isa = XCBuildConfiguration;
			buildSettings = {
				ASSETCATALOG_COMPILER_APPICON_NAME = AppIcon;
				DEVELOPMENT_TEAM = W55P3GMF82;
				INFOPLIST_FILE = Country/Info.plist;
				LD_RUNPATH_SEARCH_PATHS = "$(inherited) @executable_path/Frameworks";
				PRODUCT_BUNDLE_IDENTIFIER = quy.home.Country;
				PRODUCT_NAME = "$(TARGET_NAME)";
				SWIFT_VERSION = 3.0;
			};
			name = Release;
		};
/* End XCBuildConfiguration section */

/* Begin XCConfigurationList section */
		F265D0A51F792A3A00255CCF /* Build configuration list for PBXProject "Country" */ = {
			isa = XCConfigurationList;
			buildConfigurations = (
				F265D0BA1F792A3A00255CCF /* Debug */,
				F265D0BB1F792A3A00255CCF /* Release */,
			);
			defaultConfigurationIsVisible = 0;
			defaultConfigurationName = Release;
		};
		F265D0BC1F792A3A00255CCF /* Build configuration list for PBXNativeTarget "Country" */ = {
			isa = XCConfigurationList;
			buildConfigurations = (
				F265D0BD1F792A3A00255CCF /* Debug */,
				F265D0BE1F792A3A00255CCF /* Release */,
			);
			defaultConfigurationIsVisible = 0;
		};
/* End XCConfigurationList section */
	};
	rootObject = F265D0A21F792A3A00255CCF /* Project object */;
}
